PODS:
  - MBProgressHUD (1.1.0)
  - ModelMapper (8.0.0)

DEPENDENCIES:
  - MBProgressHUD (~> 1.1.0)
  - ModelMapper

SPEC REPOS:
  https://github.com/cocoapods/specs.git:
    - MBProgressHUD
    - ModelMapper

SPEC CHECKSUMS:
  MBProgressHUD: e7baa36a220447d8aeb12769bf0585582f3866d9
  ModelMapper: a258c5f8e1422e0e826c8265a3e89ae1b329c3a6

PODFILE CHECKSUM: 8c030352de6eeba90c91f9875db0b2f47c3de7d0

COCOAPODS: 1.5.3
