// !$*UTF8*$!
{
	archiveVersion = 1;
	classes = {
	};
	objectVersion = 50;
	objects = {

/* Begin PBXBuildFile section */
		841E8AA120E6B5E4008F4EA4 /* InfoCollectionViewCell.swift in Sources */ = {isa = PBXBuildFile; fileRef = 841E8AA020E6B5E4008F4EA4 /* InfoCollectionViewCell.swift */; };
		841E8AA320E6B5FE008F4EA4 /* HourlyCollectionViewCell.swift in Sources */ = {isa = PBXBuildFile; fileRef = 841E8AA220E6B5FE008F4EA4 /* HourlyCollectionViewCell.swift */; };
		841E8AA520E7810D008F4EA4 /* DailyTableViewCell.swift in Sources */ = {isa = PBXBuildFile; fileRef = 841E8AA420E7810D008F4EA4 /* DailyTableViewCell.swift */; };
		8439F3A520EA2B00005691FD /* DailyPresenter.swift in Sources */ = {isa = PBXBuildFile; fileRef = 8439F3A420EA2B00005691FD /* DailyPresenter.swift */; };
		8439F3A720EA2CFF005691FD /* HourlyPresenter.swift in Sources */ = {isa = PBXBuildFile; fileRef = 8439F3A620EA2CFF005691FD /* HourlyPresenter.swift */; };
		8439F3AF20EC06B7005691FD /* GeoCoder.swift in Sources */ = {isa = PBXBuildFile; fileRef = 8439F3AE20EC06B7005691FD /* GeoCoder.swift */; };
		846442AA20E0DA5E006197AC /* ForecastClient.swift in Sources */ = {isa = PBXBuildFile; fileRef = 846442A920E0DA5E006197AC /* ForecastClient.swift */; };
		846442AC20E21EB8006197AC /* ForecastHourlyData.swift in Sources */ = {isa = PBXBuildFile; fileRef = 846442AB20E21EB8006197AC /* ForecastHourlyData.swift */; };
		846442AE20E21EE8006197AC /* ForecastDailyData.swift in Sources */ = {isa = PBXBuildFile; fileRef = 846442AD20E21EE8006197AC /* ForecastDailyData.swift */; };
		846442B520E232CF006197AC /* Favorites.storyboard in Resources */ = {isa = PBXBuildFile; fileRef = 846442B420E232CF006197AC /* Favorites.storyboard */; };
		84733D7820F69C46001DE585 /* String+Localizable.swift in Sources */ = {isa = PBXBuildFile; fileRef = 84733D7720F69C46001DE585 /* String+Localizable.swift */; };
		84733D7B20F69E5F001DE585 /* Weather.storyboard in Resources */ = {isa = PBXBuildFile; fileRef = 84733D7D20F69E5F001DE585 /* Weather.storyboard */; };
		84733D8020F8DC0E001DE585 /* DateUtils.swift in Sources */ = {isa = PBXBuildFile; fileRef = 84733D7F20F8DC0E001DE585 /* DateUtils.swift */; };
		84733D8220FA2CED001DE585 /* TemperatureUtils.swift in Sources */ = {isa = PBXBuildFile; fileRef = 84733D8120FA2CED001DE585 /* TemperatureUtils.swift */; };
		8477BED2210B1C600003DB74 /* FavoritesHeaderView.xib in Resources */ = {isa = PBXBuildFile; fileRef = 8477BED1210B1C600003DB74 /* FavoritesHeaderView.xib */; };
		8477BED4210B4A610003DB74 /* FavoritesHeaderView.swift in Sources */ = {isa = PBXBuildFile; fileRef = 8477BED3210B4A610003DB74 /* FavoritesHeaderView.swift */; };
		8477BEDE210C4A040003DB74 /* GradientView.swift in Sources */ = {isa = PBXBuildFile; fileRef = 8477BEDD210C4A040003DB74 /* GradientView.swift */; };
		8479EE7120DC211600F37C4E /* AppDelegate.swift in Sources */ = {isa = PBXBuildFile; fileRef = 8479EE7020DC211600F37C4E /* AppDelegate.swift */; };
		8479EE7320DC211600F37C4E /* ForecastViewController.swift in Sources */ = {isa = PBXBuildFile; fileRef = 8479EE7220DC211600F37C4E /* ForecastViewController.swift */; };
		8479EE7620DC211600F37C4E /* Main.storyboard in Resources */ = {isa = PBXBuildFile; fileRef = 8479EE7420DC211600F37C4E /* Main.storyboard */; };
		8479EE7820DC211B00F37C4E /* Assets.xcassets in Resources */ = {isa = PBXBuildFile; fileRef = 8479EE7720DC211B00F37C4E /* Assets.xcassets */; };
		8479EE7B20DC211B00F37C4E /* LaunchScreen.storyboard in Resources */ = {isa = PBXBuildFile; fileRef = 8479EE7920DC211B00F37C4E /* LaunchScreen.storyboard */; };
		8479EE8320DC283B00F37C4E /* Forecast.swift in Sources */ = {isa = PBXBuildFile; fileRef = 8479EE8220DC283B00F37C4E /* Forecast.swift */; };
		84972C6E20FE7C1400EC1E94 /* Localizable.strings in Resources */ = {isa = PBXBuildFile; fileRef = 84972C7020FE7C1400EC1E94 /* Localizable.strings */; };
		84972C7A2101132900EC1E94 /* FavoritesViewController.swift in Sources */ = {isa = PBXBuildFile; fileRef = 84972C792101132900EC1E94 /* FavoritesViewController.swift */; };
		84972C7E2101140B00EC1E94 /* FavoritesPointCell.swift in Sources */ = {isa = PBXBuildFile; fileRef = 84972C7D2101140B00EC1E94 /* FavoritesPointCell.swift */; };
		84972C802101167600EC1E94 /* FavoritesTablePresenter.swift in Sources */ = {isa = PBXBuildFile; fileRef = 84972C7F2101167600EC1E94 /* FavoritesTablePresenter.swift */; };
		84972C822101C19D00EC1E94 /* Store.swift in Sources */ = {isa = PBXBuildFile; fileRef = 84972C812101C19D00EC1E94 /* Store.swift */; };
		84F24E2320EE5CF1005AE351 /* CollectionViewCell.swift in Sources */ = {isa = PBXBuildFile; fileRef = 84F24E2220EE5CF1005AE351 /* CollectionViewCell.swift */; };
		84F24E2520EFAF3F005AE351 /* GeoLocator.swift in Sources */ = {isa = PBXBuildFile; fileRef = 84F24E2420EFAF3F005AE351 /* GeoLocator.swift */; };
		84F24E2B20F2A251005AE351 /* ForecastAdapter.swift in Sources */ = {isa = PBXBuildFile; fileRef = 84F24E2A20F2A251005AE351 /* ForecastAdapter.swift */; };
		84F24E2D20F3931A005AE351 /* ForecastPoint.swift in Sources */ = {isa = PBXBuildFile; fileRef = 84F24E2C20F3931A005AE351 /* ForecastPoint.swift */; };
		EBDEDC327241E83525ADCF71 /* Pods_Forecast.framework in Frameworks */ = {isa = PBXBuildFile; fileRef = A8C58725260B86ED2BBF0E3C /* Pods_Forecast.framework */; };
/* End PBXBuildFile section */

/* Begin PBXFileReference section */
		841E8AA020E6B5E4008F4EA4 /* InfoCollectionViewCell.swift */ = {isa = PBXFileReference; lastKnownFileType = sourcecode.swift; path = InfoCollectionViewCell.swift; sourceTree = "<group>"; };
		841E8AA220E6B5FE008F4EA4 /* HourlyCollectionViewCell.swift */ = {isa = PBXFileReference; lastKnownFileType = sourcecode.swift; path = HourlyCollectionViewCell.swift; sourceTree = "<group>"; };
		841E8AA420E7810D008F4EA4 /* DailyTableViewCell.swift */ = {isa = PBXFileReference; lastKnownFileType = sourcecode.swift; path = DailyTableViewCell.swift; sourceTree = "<group>"; };
		8439F3A420EA2B00005691FD /* DailyPresenter.swift */ = {isa = PBXFileReference; lastKnownFileType = sourcecode.swift; path = DailyPresenter.swift; sourceTree = "<group>"; };
		8439F3A620EA2CFF005691FD /* HourlyPresenter.swift */ = {isa = PBXFileReference; lastKnownFileType = sourcecode.swift; path = HourlyPresenter.swift; sourceTree = "<group>"; };
		8439F3AE20EC06B7005691FD /* GeoCoder.swift */ = {isa = PBXFileReference; lastKnownFileType = sourcecode.swift; path = GeoCoder.swift; sourceTree = "<group>"; };
		846442A920E0DA5E006197AC /* ForecastClient.swift */ = {isa = PBXFileReference; lastKnownFileType = sourcecode.swift; path = ForecastClient.swift; sourceTree = "<group>"; };
		846442AB20E21EB8006197AC /* ForecastHourlyData.swift */ = {isa = PBXFileReference; lastKnownFileType = sourcecode.swift; path = ForecastHourlyData.swift; sourceTree = "<group>"; };
		846442AD20E21EE8006197AC /* ForecastDailyData.swift */ = {isa = PBXFileReference; lastKnownFileType = sourcecode.swift; path = ForecastDailyData.swift; sourceTree = "<group>"; };
		846442B420E232CF006197AC /* Favorites.storyboard */ = {isa = PBXFileReference; fileEncoding = 4; lastKnownFileType = file.storyboard; path = Favorites.storyboard; sourceTree = "<group>"; };
		84733D7720F69C46001DE585 /* String+Localizable.swift */ = {isa = PBXFileReference; lastKnownFileType = sourcecode.swift; path = "String+Localizable.swift"; sourceTree = "<group>"; };
		84733D7E20F78B95001DE585 /* Base */ = {isa = PBXFileReference; lastKnownFileType = file.storyboard; name = Base; path = Base.lproj/Weather.storyboard; sourceTree = "<group>"; };
		84733D7F20F8DC0E001DE585 /* DateUtils.swift */ = {isa = PBXFileReference; lastKnownFileType = sourcecode.swift; path = DateUtils.swift; sourceTree = "<group>"; };
		84733D8120FA2CED001DE585 /* TemperatureUtils.swift */ = {isa = PBXFileReference; lastKnownFileType = sourcecode.swift; path = TemperatureUtils.swift; sourceTree = "<group>"; };
		8477BED1210B1C600003DB74 /* FavoritesHeaderView.xib */ = {isa = PBXFileReference; lastKnownFileType = file.xib; path = FavoritesHeaderView.xib; sourceTree = "<group>"; };
		8477BED3210B4A610003DB74 /* FavoritesHeaderView.swift */ = {isa = PBXFileReference; lastKnownFileType = sourcecode.swift; path = FavoritesHeaderView.swift; sourceTree = "<group>"; };
		8477BEDD210C4A040003DB74 /* GradientView.swift */ = {isa = PBXFileReference; fileEncoding = 4; lastKnownFileType = sourcecode.swift; path = GradientView.swift; sourceTree = "<group>"; };
		8479EE6D20DC211600F37C4E /* Forecast.app */ = {isa = PBXFileReference; explicitFileType = wrapper.application; includeInIndex = 0; path = Forecast.app; sourceTree = BUILT_PRODUCTS_DIR; };
		8479EE7020DC211600F37C4E /* AppDelegate.swift */ = {isa = PBXFileReference; lastKnownFileType = sourcecode.swift; path = AppDelegate.swift; sourceTree = "<group>"; };
		8479EE7220DC211600F37C4E /* ForecastViewController.swift */ = {isa = PBXFileReference; lastKnownFileType = sourcecode.swift; path = ForecastViewController.swift; sourceTree = "<group>"; };
		8479EE7520DC211600F37C4E /* Base */ = {isa = PBXFileReference; lastKnownFileType = file.storyboard; name = Base; path = Base.lproj/Main.storyboard; sourceTree = "<group>"; };
		8479EE7720DC211B00F37C4E /* Assets.xcassets */ = {isa = PBXFileReference; lastKnownFileType = folder.assetcatalog; path = Assets.xcassets; sourceTree = "<group>"; };
		8479EE7A20DC211B00F37C4E /* Base */ = {isa = PBXFileReference; lastKnownFileType = file.storyboard; name = Base; path = Base.lproj/LaunchScreen.storyboard; sourceTree = "<group>"; };
		8479EE7C20DC211B00F37C4E /* Info.plist */ = {isa = PBXFileReference; lastKnownFileType = text.plist.xml; path = Info.plist; sourceTree = "<group>"; };
		8479EE8220DC283B00F37C4E /* Forecast.swift */ = {isa = PBXFileReference; lastKnownFileType = sourcecode.swift; path = Forecast.swift; sourceTree = "<group>"; };
		84972C6F20FE7C1400EC1E94 /* en */ = {isa = PBXFileReference; lastKnownFileType = text.plist.strings; name = en; path = en.lproj/Localizable.strings; sourceTree = "<group>"; };
		84972C7120FE7C1A00EC1E94 /* ru */ = {isa = PBXFileReference; lastKnownFileType = text.plist.strings; name = ru; path = ru.lproj/Localizable.strings; sourceTree = "<group>"; };
		84972C792101132900EC1E94 /* FavoritesViewController.swift */ = {isa = PBXFileReference; lastKnownFileType = sourcecode.swift; path = FavoritesViewController.swift; sourceTree = "<group>"; };
		84972C7D2101140B00EC1E94 /* FavoritesPointCell.swift */ = {isa = PBXFileReference; lastKnownFileType = sourcecode.swift; path = FavoritesPointCell.swift; sourceTree = "<group>"; };
		84972C7F2101167600EC1E94 /* FavoritesTablePresenter.swift */ = {isa = PBXFileReference; lastKnownFileType = sourcecode.swift; path = FavoritesTablePresenter.swift; sourceTree = "<group>"; };
		84972C812101C19D00EC1E94 /* Store.swift */ = {isa = PBXFileReference; lastKnownFileType = sourcecode.swift; path = Store.swift; sourceTree = "<group>"; };
		84F24E2220EE5CF1005AE351 /* CollectionViewCell.swift */ = {isa = PBXFileReference; lastKnownFileType = sourcecode.swift; path = CollectionViewCell.swift; sourceTree = "<group>"; };
		84F24E2420EFAF3F005AE351 /* GeoLocator.swift */ = {isa = PBXFileReference; lastKnownFileType = sourcecode.swift; path = GeoLocator.swift; sourceTree = "<group>"; };
		84F24E2A20F2A251005AE351 /* ForecastAdapter.swift */ = {isa = PBXFileReference; lastKnownFileType = sourcecode.swift; path = ForecastAdapter.swift; sourceTree = "<group>"; };
		84F24E2C20F3931A005AE351 /* ForecastPoint.swift */ = {isa = PBXFileReference; lastKnownFileType = sourcecode.swift; path = ForecastPoint.swift; sourceTree = "<group>"; };
		A8C58725260B86ED2BBF0E3C /* Pods_Forecast.framework */ = {isa = PBXFileReference; explicitFileType = wrapper.framework; includeInIndex = 0; path = Pods_Forecast.framework; sourceTree = BUILT_PRODUCTS_DIR; };
		BC4F9E482985CE5C0948F1C4 /* Pods-Forecast.release.xcconfig */ = {isa = PBXFileReference; includeInIndex = 1; lastKnownFileType = text.xcconfig; name = "Pods-Forecast.release.xcconfig"; path = "Pods/Target Support Files/Pods-Forecast/Pods-Forecast.release.xcconfig"; sourceTree = "<group>"; };
		BD165A56BA2A571FC4DCED68 /* Pods-Forecast.debug.xcconfig */ = {isa = PBXFileReference; includeInIndex = 1; lastKnownFileType = text.xcconfig; name = "Pods-Forecast.debug.xcconfig"; path = "Pods/Target Support Files/Pods-Forecast/Pods-Forecast.debug.xcconfig"; sourceTree = "<group>"; };
/* End PBXFileReference section */

/* Begin PBXFrameworksBuildPhase section */
		8479EE6A20DC211600F37C4E /* Frameworks */ = {
			isa = PBXFrameworksBuildPhase;
			buildActionMask = 2147483647;
			files = (
				EBDEDC327241E83525ADCF71 /* Pods_Forecast.framework in Frameworks */,
			);
			runOnlyForDeploymentPostprocessing = 0;
		};
/* End PBXFrameworksBuildPhase section */

/* Begin PBXGroup section */
		8429B54520E55EEE00456D3A /* Extensions */ = {
			isa = PBXGroup;
			children = (
				84F24E2220EE5CF1005AE351 /* CollectionViewCell.swift */,
				84733D7720F69C46001DE585 /* String+Localizable.swift */,
			);
			path = Extensions;
			sourceTree = "<group>";
		};
		8429B54820E5683900456D3A /* Managers */ = {
			isa = PBXGroup;
			children = (
				8439F3AE20EC06B7005691FD /* GeoCoder.swift */,
				84733D7F20F8DC0E001DE585 /* DateUtils.swift */,
				84733D8120FA2CED001DE585 /* TemperatureUtils.swift */,
				84F24E2420EFAF3F005AE351 /* GeoLocator.swift */,
				846442A920E0DA5E006197AC /* ForecastClient.swift */,
			);
			path = Managers;
			sourceTree = "<group>";
		};
		8439F3AC20EBFD88005691FD /* Daily */ = {
			isa = PBXGroup;
			children = (
				841E8AA420E7810D008F4EA4 /* DailyTableViewCell.swift */,
				8439F3A420EA2B00005691FD /* DailyPresenter.swift */,
			);
			path = Daily;
			sourceTree = "<group>";
		};
		8439F3AD20EBFDA0005691FD /* Hourly */ = {
			isa = PBXGroup;
			children = (
				841E8AA220E6B5FE008F4EA4 /* HourlyCollectionViewCell.swift */,
				841E8AA020E6B5E4008F4EA4 /* InfoCollectionViewCell.swift */,
				8439F3A620EA2CFF005691FD /* HourlyPresenter.swift */,
			);
			path = Hourly;
			sourceTree = "<group>";
		};
		846442AF20E230C1006197AC /* Models */ = {
			isa = PBXGroup;
			children = (
				84A87FF520E3802C00D81B48 /* Forecast */,
				84972C812101C19D00EC1E94 /* Store.swift */,
			);
			path = Models;
			sourceTree = "<group>";
		};
		846442B020E23119006197AC /* Stories */ = {
			isa = PBXGroup;
			children = (
				84972C78210112F700EC1E94 /* Favorites */,
				846442B120E23190006197AC /* Weather */,
			);
			path = Stories;
			sourceTree = "<group>";
		};
		846442B120E23190006197AC /* Weather */ = {
			isa = PBXGroup;
			children = (
				84F24E2A20F2A251005AE351 /* ForecastAdapter.swift */,
				8479EE7220DC211600F37C4E /* ForecastViewController.swift */,
				8439F3AD20EBFDA0005691FD /* Hourly */,
				8439F3AC20EBFD88005691FD /* Daily */,
			);
			path = Weather;
			sourceTree = "<group>";
		};
		846442B320E23213006197AC /* Storyboards */ = {
			isa = PBXGroup;
			children = (
				8479EE7920DC211B00F37C4E /* LaunchScreen.storyboard */,
				84733D7D20F69E5F001DE585 /* Weather.storyboard */,
				8479EE7420DC211600F37C4E /* Main.storyboard */,
				846442B420E232CF006197AC /* Favorites.storyboard */,
				8477BED1210B1C600003DB74 /* FavoritesHeaderView.xib */,
			);
			path = Storyboards;
			sourceTree = "<group>";
		};
		8477BEDC210C4A040003DB74 /* View */ = {
			isa = PBXGroup;
			children = (
				8477BEDD210C4A040003DB74 /* GradientView.swift */,
			);
			path = View;
			sourceTree = "<group>";
		};
		8479EE6420DC211500F37C4E = {
			isa = PBXGroup;
			children = (
				8479EE6F20DC211600F37C4E /* Forecast */,
				8479EE6E20DC211600F37C4E /* Products */,
				A94DCC58705E00DA7C5D9B9A /* Pods */,
				E5729C9D842987D5BB1184ED /* Frameworks */,
			);
			sourceTree = "<group>";
		};
		8479EE6E20DC211600F37C4E /* Products */ = {
			isa = PBXGroup;
			children = (
				8479EE6D20DC211600F37C4E /* Forecast.app */,
			);
			name = Products;
			sourceTree = "<group>";
		};
		8479EE6F20DC211600F37C4E /* Forecast */ = {
			isa = PBXGroup;
			children = (
				8429B54820E5683900456D3A /* Managers */,
				8429B54520E55EEE00456D3A /* Extensions */,
				8479EE7020DC211600F37C4E /* AppDelegate.swift */,
				8477BEDC210C4A040003DB74 /* View */,
				846442B020E23119006197AC /* Stories */,
				846442AF20E230C1006197AC /* Models */,
				846442B320E23213006197AC /* Storyboards */,
				8479EE7720DC211B00F37C4E /* Assets.xcassets */,
				84972C7020FE7C1400EC1E94 /* Localizable.strings */,
				8479EE7C20DC211B00F37C4E /* Info.plist */,
			);
			path = Forecast;
			sourceTree = "<group>";
		};
		84972C78210112F700EC1E94 /* Favorites */ = {
			isa = PBXGroup;
			children = (
				84972C792101132900EC1E94 /* FavoritesViewController.swift */,
				8477BED3210B4A610003DB74 /* FavoritesHeaderView.swift */,
				84972C7F2101167600EC1E94 /* FavoritesTablePresenter.swift */,
				84972C7D2101140B00EC1E94 /* FavoritesPointCell.swift */,
			);
			path = Favorites;
			sourceTree = "<group>";
		};
		84A87FF520E3802C00D81B48 /* Forecast */ = {
			isa = PBXGroup;
			children = (
				8479EE8220DC283B00F37C4E /* Forecast.swift */,
				84F24E2C20F3931A005AE351 /* ForecastPoint.swift */,
				846442AB20E21EB8006197AC /* ForecastHourlyData.swift */,
				846442AD20E21EE8006197AC /* ForecastDailyData.swift */,
			);
			path = Forecast;
			sourceTree = "<group>";
		};
		A94DCC58705E00DA7C5D9B9A /* Pods */ = {
			isa = PBXGroup;
			children = (
				BD165A56BA2A571FC4DCED68 /* Pods-Forecast.debug.xcconfig */,
				BC4F9E482985CE5C0948F1C4 /* Pods-Forecast.release.xcconfig */,
			);
			name = Pods;
			sourceTree = "<group>";
		};
		E5729C9D842987D5BB1184ED /* Frameworks */ = {
			isa = PBXGroup;
			children = (
				A8C58725260B86ED2BBF0E3C /* Pods_Forecast.framework */,
			);
			name = Frameworks;
			sourceTree = "<group>";
		};
/* End PBXGroup section */

/* Begin PBXNativeTarget section */
		8479EE6C20DC211600F37C4E /* Forecast */ = {
			isa = PBXNativeTarget;
			buildConfigurationList = 8479EE7F20DC211B00F37C4E /* Build configuration list for PBXNativeTarget "Forecast" */;
			buildPhases = (
				DD04BC9FC4494577E4C4638B /* [CP] Check Pods Manifest.lock */,
				8479EE6920DC211600F37C4E /* Sources */,
				8479EE6A20DC211600F37C4E /* Frameworks */,
				8479EE6B20DC211600F37C4E /* Resources */,
				9DCBA05469C27893A95BE5ED /* [CP] Embed Pods Frameworks */,
			);
			buildRules = (
			);
			dependencies = (
			);
			name = Forecast;
			productName = Forecast;
			productReference = 8479EE6D20DC211600F37C4E /* Forecast.app */;
			productType = "com.apple.product-type.application";
		};
/* End PBXNativeTarget section */

/* Begin PBXProject section */
		8479EE6520DC211500F37C4E /* Project object */ = {
			isa = PBXProject;
			attributes = {
				LastSwiftUpdateCheck = 0930;
				LastUpgradeCheck = 0930;
				ORGANIZATIONNAME = Admin;
				TargetAttributes = {
					8479EE6C20DC211600F37C4E = {
						CreatedOnToolsVersion = 9.3.1;
					};
				};
			};
			buildConfigurationList = 8479EE6820DC211500F37C4E /* Build configuration list for PBXProject "Forecast" */;
			compatibilityVersion = "Xcode 9.3";
			developmentRegion = en;
			hasScannedForEncodings = 0;
			knownRegions = (
				en,
				Base,
				ru,
			);
			mainGroup = 8479EE6420DC211500F37C4E;
			productRefGroup = 8479EE6E20DC211600F37C4E /* Products */;
			projectDirPath = "";
			projectRoot = "";
			targets = (
				8479EE6C20DC211600F37C4E /* Forecast */,
			);
		};
/* End PBXProject section */

/* Begin PBXResourcesBuildPhase section */
		8479EE6B20DC211600F37C4E /* Resources */ = {
			isa = PBXResourcesBuildPhase;
			buildActionMask = 2147483647;
			files = (
				8479EE7B20DC211B00F37C4E /* LaunchScreen.storyboard in Resources */,
				84972C6E20FE7C1400EC1E94 /* Localizable.strings in Resources */,
				84733D7B20F69E5F001DE585 /* Weather.storyboard in Resources */,
				8479EE7820DC211B00F37C4E /* Assets.xcassets in Resources */,
				846442B520E232CF006197AC /* Favorites.storyboard in Resources */,
				8479EE7620DC211600F37C4E /* Main.storyboard in Resources */,
				8477BED2210B1C600003DB74 /* FavoritesHeaderView.xib in Resources */,
			);
			runOnlyForDeploymentPostprocessing = 0;
		};
/* End PBXResourcesBuildPhase section */

/* Begin PBXShellScriptBuildPhase section */
		9DCBA05469C27893A95BE5ED /* [CP] Embed Pods Frameworks */ = {
			isa = PBXShellScriptBuildPhase;
			buildActionMask = 2147483647;
			files = (
			);
			inputPaths = (
				"${SRCROOT}/Pods/Target Support Files/Pods-Forecast/Pods-Forecast-frameworks.sh",
				"${BUILT_PRODUCTS_DIR}/MBProgressHUD/MBProgressHUD.framework",
				"${BUILT_PRODUCTS_DIR}/ModelMapper/Mapper.framework",
			);
			name = "[CP] Embed Pods Frameworks";
			outputPaths = (
				"${TARGET_BUILD_DIR}/${FRAMEWORKS_FOLDER_PATH}/MBProgressHUD.framework",
				"${TARGET_BUILD_DIR}/${FRAMEWORKS_FOLDER_PATH}/Mapper.framework",
			);
			runOnlyForDeploymentPostprocessing = 0;
			shellPath = /bin/sh;
			shellScript = "\"${SRCROOT}/Pods/Target Support Files/Pods-Forecast/Pods-Forecast-frameworks.sh\"\n";
			showEnvVarsInLog = 0;
		};
		DD04BC9FC4494577E4C4638B /* [CP] Check Pods Manifest.lock */ = {
			isa = PBXShellScriptBuildPhase;
			buildActionMask = 2147483647;
			files = (
			);
			inputPaths = (
				"${PODS_PODFILE_DIR_PATH}/Podfile.lock",
				"${PODS_ROOT}/Manifest.lock",
			);
			name = "[CP] Check Pods Manifest.lock";
			outputPaths = (
				"$(DERIVED_FILE_DIR)/Pods-Forecast-checkManifestLockResult.txt",
			);
			runOnlyForDeploymentPostprocessing = 0;
			shellPath = /bin/sh;
			shellScript = "diff \"${PODS_PODFILE_DIR_PATH}/Podfile.lock\" \"${PODS_ROOT}/Manifest.lock\" > /dev/null\nif [ $? != 0 ] ; then\n    # print error to STDERR\n    echo \"error: The sandbox is not in sync with the Podfile.lock. Run 'pod install' or update your CocoaPods installation.\" >&2\n    exit 1\nfi\n# This output is used by Xcode 'outputs' to avoid re-running this script phase.\necho \"SUCCESS\" > \"${SCRIPT_OUTPUT_FILE_0}\"\n";
			showEnvVarsInLog = 0;
		};
/* End PBXShellScriptBuildPhase section */

/* Begin PBXSourcesBuildPhase section */
		8479EE6920DC211600F37C4E /* Sources */ = {
			isa = PBXSourcesBuildPhase;
			buildActionMask = 2147483647;
			files = (
				84972C802101167600EC1E94 /* FavoritesTablePresenter.swift in Sources */,
				841E8AA520E7810D008F4EA4 /* DailyTableViewCell.swift in Sources */,
				8439F3A720EA2CFF005691FD /* HourlyPresenter.swift in Sources */,
				84972C822101C19D00EC1E94 /* Store.swift in Sources */,
				8477BED4210B4A610003DB74 /* FavoritesHeaderView.swift in Sources */,
				84F24E2B20F2A251005AE351 /* ForecastAdapter.swift in Sources */,
				84733D7820F69C46001DE585 /* String+Localizable.swift in Sources */,
				8479EE7320DC211600F37C4E /* ForecastViewController.swift in Sources */,
				84F24E2320EE5CF1005AE351 /* CollectionViewCell.swift in Sources */,
				84733D8220FA2CED001DE585 /* TemperatureUtils.swift in Sources */,
				8479EE8320DC283B00F37C4E /* Forecast.swift in Sources */,
				84972C7E2101140B00EC1E94 /* FavoritesPointCell.swift in Sources */,
				84F24E2D20F3931A005AE351 /* ForecastPoint.swift in Sources */,
				841E8AA120E6B5E4008F4EA4 /* InfoCollectionViewCell.swift in Sources */,
				8439F3A520EA2B00005691FD /* DailyPresenter.swift in Sources */,
				841E8AA320E6B5FE008F4EA4 /* HourlyCollectionViewCell.swift in Sources */,
				84F24E2520EFAF3F005AE351 /* GeoLocator.swift in Sources */,
				8479EE7120DC211600F37C4E /* AppDelegate.swift in Sources */,
				846442AC20E21EB8006197AC /* ForecastHourlyData.swift in Sources */,
				8439F3AF20EC06B7005691FD /* GeoCoder.swift in Sources */,
				84733D8020F8DC0E001DE585 /* DateUtils.swift in Sources */,
				846442AA20E0DA5E006197AC /* ForecastClient.swift in Sources */,
				8477BEDE210C4A040003DB74 /* GradientView.swift in Sources */,
				84972C7A2101132900EC1E94 /* FavoritesViewController.swift in Sources */,
				846442AE20E21EE8006197AC /* ForecastDailyData.swift in Sources */,
			);
			runOnlyForDeploymentPostprocessing = 0;
		};
/* End PBXSourcesBuildPhase section */

/* Begin PBXVariantGroup section */
		84733D7D20F69E5F001DE585 /* Weather.storyboard */ = {
			isa = PBXVariantGroup;
			children = (
				84733D7E20F78B95001DE585 /* Base */,
			);
			name = Weather.storyboard;
			sourceTree = "<group>";
		};
		8479EE7420DC211600F37C4E /* Main.storyboard */ = {
			isa = PBXVariantGroup;
			children = (
				8479EE7520DC211600F37C4E /* Base */,
			);
			name = Main.storyboard;
			sourceTree = "<group>";
		};
		8479EE7920DC211B00F37C4E /* LaunchScreen.storyboard */ = {
			isa = PBXVariantGroup;
			children = (
				8479EE7A20DC211B00F37C4E /* Base */,
			);
			name = LaunchScreen.storyboard;
			sourceTree = "<group>";
		};
		84972C7020FE7C1400EC1E94 /* Localizable.strings */ = {
			isa = PBXVariantGroup;
			children = (
				84972C6F20FE7C1400EC1E94 /* en */,
				84972C7120FE7C1A00EC1E94 /* ru */,
			);
			name = Localizable.strings;
			sourceTree = "<group>";
		};
/* End PBXVariantGroup section */

/* Begin XCBuildConfiguration section */
		8479EE7D20DC211B00F37C4E /* Debug */ = {
			isa = XCBuildConfiguration;
			buildSettings = {
				ALWAYS_SEARCH_USER_PATHS = NO;
				CLANG_ANALYZER_LOCALIZABILITY_NONLOCALIZED = YES;
				CLANG_ANALYZER_NONNULL = YES;
				CLANG_ANALYZER_NUMBER_OBJECT_CONVERSION = YES_AGGRESSIVE;
				CLANG_CXX_LANGUAGE_STANDARD = "gnu++14";
				CLANG_CXX_LIBRARY = "libc++";
				CLANG_ENABLE_MODULES = YES;
				CLANG_ENABLE_OBJC_ARC = YES;
				CLANG_ENABLE_OBJC_WEAK = YES;
				CLANG_WARN_BLOCK_CAPTURE_AUTORELEASING = YES;
				CLANG_WARN_BOOL_CONVERSION = YES;
				CLANG_WARN_COMMA = YES;
				CLANG_WARN_CONSTANT_CONVERSION = YES;
				CLANG_WARN_DEPRECATED_OBJC_IMPLEMENTATIONS = YES;
				CLANG_WARN_DIRECT_OBJC_ISA_USAGE = YES_ERROR;
				CLANG_WARN_DOCUMENTATION_COMMENTS = YES;
				CLANG_WARN_EMPTY_BODY = YES;
				CLANG_WARN_ENUM_CONVERSION = YES;
				CLANG_WARN_INFINITE_RECURSION = YES;
				CLANG_WARN_INT_CONVERSION = YES;
				CLANG_WARN_NON_LITERAL_NULL_CONVERSION = YES;
				CLANG_WARN_OBJC_IMPLICIT_RETAIN_SELF = YES;
				CLANG_WARN_OBJC_LITERAL_CONVERSION = YES;
				CLANG_WARN_OBJC_ROOT_CLASS = YES_ERROR;
				CLANG_WARN_RANGE_LOOP_ANALYSIS = YES;
				CLANG_WARN_STRICT_PROTOTYPES = YES;
				CLANG_WARN_SUSPICIOUS_MOVE = YES;
				CLANG_WARN_UNGUARDED_AVAILABILITY = YES_AGGRESSIVE;
				CLANG_WARN_UNREACHABLE_CODE = YES;
				CLANG_WARN__DUPLICATE_METHOD_MATCH = YES;
				CODE_SIGN_IDENTITY = "iPhone Developer";
				COPY_PHASE_STRIP = NO;
				DEBUG_INFORMATION_FORMAT = dwarf;
				ENABLE_STRICT_OBJC_MSGSEND = YES;
				ENABLE_TESTABILITY = YES;
				GCC_C_LANGUAGE_STANDARD = gnu11;
				GCC_DYNAMIC_NO_PIC = NO;
				GCC_NO_COMMON_BLOCKS = YES;
				GCC_OPTIMIZATION_LEVEL = 0;
				GCC_PREPROCESSOR_DEFINITIONS = (
					"DEBUG=1",
					"$(inherited)",
				);
				GCC_WARN_64_TO_32_BIT_CONVERSION = YES;
				GCC_WARN_ABOUT_RETURN_TYPE = YES_ERROR;
				GCC_WARN_UNDECLARED_SELECTOR = YES;
				GCC_WARN_UNINITIALIZED_AUTOS = YES_AGGRESSIVE;
				GCC_WARN_UNUSED_FUNCTION = YES;
				GCC_WARN_UNUSED_VARIABLE = YES;
				IPHONEOS_DEPLOYMENT_TARGET = 11.3;
				MTL_ENABLE_DEBUG_INFO = YES;
				ONLY_ACTIVE_ARCH = YES;
				SDKROOT = iphoneos;
				SWIFT_ACTIVE_COMPILATION_CONDITIONS = DEBUG;
				SWIFT_OPTIMIZATION_LEVEL = "-Onone";
			};
			name = Debug;
		};
		8479EE7E20DC211B00F37C4E /* Release */ = {
			isa = XCBuildConfiguration;
			buildSettings = {
				ALWAYS_SEARCH_USER_PATHS = NO;
				CLANG_ANALYZER_LOCALIZABILITY_NONLOCALIZED = YES;
				CLANG_ANALYZER_NONNULL = YES;
				CLANG_ANALYZER_NUMBER_OBJECT_CONVERSION = YES_AGGRESSIVE;
				CLANG_CXX_LANGUAGE_STANDARD = "gnu++14";
				CLANG_CXX_LIBRARY = "libc++";
				CLANG_ENABLE_MODULES = YES;
				CLANG_ENABLE_OBJC_ARC = YES;
				CLANG_ENABLE_OBJC_WEAK = YES;
				CLANG_WARN_BLOCK_CAPTURE_AUTORELEASING = YES;
				CLANG_WARN_BOOL_CONVERSION = YES;
				CLANG_WARN_COMMA = YES;
				CLANG_WARN_CONSTANT_CONVERSION = YES;
				CLANG_WARN_DEPRECATED_OBJC_IMPLEMENTATIONS = YES;
				CLANG_WARN_DIRECT_OBJC_ISA_USAGE = YES_ERROR;
				CLANG_WARN_DOCUMENTATION_COMMENTS = YES;
				CLANG_WARN_EMPTY_BODY = YES;
				CLANG_WARN_ENUM_CONVERSION = YES;
				CLANG_WARN_INFINITE_RECURSION = YES;
				CLANG_WARN_INT_CONVERSION = YES;
				CLANG_WARN_NON_LITERAL_NULL_CONVERSION = YES;
				CLANG_WARN_OBJC_IMPLICIT_RETAIN_SELF = YES;
				CLANG_WARN_OBJC_LITERAL_CONVERSION = YES;
				CLANG_WARN_OBJC_ROOT_CLASS = YES_ERROR;
				CLANG_WARN_RANGE_LOOP_ANALYSIS = YES;
				CLANG_WARN_STRICT_PROTOTYPES = YES;
				CLANG_WARN_SUSPICIOUS_MOVE = YES;
				CLANG_WARN_UNGUARDED_AVAILABILITY = YES_AGGRESSIVE;
				CLANG_WARN_UNREACHABLE_CODE = YES;
				CLANG_WARN__DUPLICATE_METHOD_MATCH = YES;
				CODE_SIGN_IDENTITY = "iPhone Developer";
				COPY_PHASE_STRIP = NO;
				DEBUG_INFORMATION_FORMAT = "dwarf-with-dsym";
				ENABLE_NS_ASSERTIONS = NO;
				ENABLE_STRICT_OBJC_MSGSEND = YES;
				GCC_C_LANGUAGE_STANDARD = gnu11;
				GCC_NO_COMMON_BLOCKS = YES;
				GCC_WARN_64_TO_32_BIT_CONVERSION = YES;
				GCC_WARN_ABOUT_RETURN_TYPE = YES_ERROR;
				GCC_WARN_UNDECLARED_SELECTOR = YES;
				GCC_WARN_UNINITIALIZED_AUTOS = YES_AGGRESSIVE;
				GCC_WARN_UNUSED_FUNCTION = YES;
				GCC_WARN_UNUSED_VARIABLE = YES;
				IPHONEOS_DEPLOYMENT_TARGET = 11.3;
				MTL_ENABLE_DEBUG_INFO = NO;
				SDKROOT = iphoneos;
				SWIFT_COMPILATION_MODE = wholemodule;
				SWIFT_OPTIMIZATION_LEVEL = "-O";
				VALIDATE_PRODUCT = YES;
			};
			name = Release;
		};
		8479EE8020DC211B00F37C4E /* Debug */ = {
			isa = XCBuildConfiguration;
			baseConfigurationReference = BD165A56BA2A571FC4DCED68 /* Pods-Forecast.debug.xcconfig */;
			buildSettings = {
				ASSETCATALOG_COMPILER_APPICON_NAME = AppIcon;
				CODE_SIGN_STYLE = Automatic;
				INFOPLIST_FILE = Forecast/Info.plist;
				LD_RUNPATH_SEARCH_PATHS = (
					"$(inherited)",
					"@executable_path/Frameworks",
				);
				PRODUCT_BUNDLE_IDENTIFIER = "-.Forecast";
				PRODUCT_NAME = "$(TARGET_NAME)";
				SWIFT_VERSION = 4.0;
				TARGETED_DEVICE_FAMILY = "1,2";
			};
			name = Debug;
		};
		8479EE8120DC211B00F37C4E /* Release */ = {
			isa = XCBuildConfiguration;
			baseConfigurationReference = BC4F9E482985CE5C0948F1C4 /* Pods-Forecast.release.xcconfig */;
			buildSettings = {
				ASSETCATALOG_COMPILER_APPICON_NAME = AppIcon;
				CODE_SIGN_STYLE = Automatic;
				INFOPLIST_FILE = Forecast/Info.plist;
				LD_RUNPATH_SEARCH_PATHS = (
					"$(inherited)",
					"@executable_path/Frameworks",
				);
				PRODUCT_BUNDLE_IDENTIFIER = "-.Forecast";
				PRODUCT_NAME = "$(TARGET_NAME)";
				SWIFT_VERSION = 4.0;
				TARGETED_DEVICE_FAMILY = "1,2";
			};
			name = Release;
		};
/* End XCBuildConfiguration section */

/* Begin XCConfigurationList section */
		8479EE6820DC211500F37C4E /* Build configuration list for PBXProject "Forecast" */ = {
			isa = XCConfigurationList;
			buildConfigurations = (
				8479EE7D20DC211B00F37C4E /* Debug */,
				8479EE7E20DC211B00F37C4E /* Release */,
			);
			defaultConfigurationIsVisible = 0;
			defaultConfigurationName = Release;
		};
		8479EE7F20DC211B00F37C4E /* Build configuration list for PBXNativeTarget "Forecast" */ = {
			isa = XCConfigurationList;
			buildConfigurations = (
				8479EE8020DC211B00F37C4E /* Debug */,
				8479EE8120DC211B00F37C4E /* Release */,
			);
			defaultConfigurationIsVisible = 0;
			defaultConfigurationName = Release;
		};
/* End XCConfigurationList section */
	};
	rootObject = 8479EE6520DC211500F37C4E /* Project object */;
}
